
Microsoft Visual Studio Solution File, Format Version 12.00
# Visual Studio Version 17
VisualStudioVersion = 17.14.36414.22 d17.14
MinimumVisualStudioVersion = 10.0.40219.1
Project("{F184B08F-C81C-45F6-A57F-5ABD9991F28F}") = "MercadinhoAlvesApp", "MercadinhoAlvesApp\MercadinhoAlvesApp.vbproj", "{9554A2FF-A0DA-4994-AE1A-CF205CE6420F}"
EndProject
Global
	GlobalSection(SolutionConfigurationPlatforms) = preSolution
		Debug|Any CPU = Debug|Any CPU
		Release|Any CPU = Release|Any CPU
	EndGlobalSection
	GlobalSection(ProjectConfigurationPlatforms) = postSolution
		{9554A2FF-A0DA-4994-AE1A-CF205CE6420F}.Debug|Any CPU.ActiveCfg = Debug|Any CPU
		{9554A2FF-A0DA-4994-AE1A-CF205CE6420F}.Debug|Any CPU.Build.0 = Debug|Any CPU
		{9554A2FF-A0DA-4994-AE1A-CF205CE6420F}.Release|Any CPU.ActiveCfg = Release|Any CPU
		{9554A2FF-A0DA-4994-AE1A-CF205CE6420F}.Release|Any CPU.Build.0 = Release|Any CPU
	EndGlobalSection
	GlobalSection(SolutionProperties) = preSolution
		HideSolutionNode = FALSE
	EndGlobalSection
	GlobalSection(ExtensibilityGlobals) = postSolution
		SolutionGuid = {E4CF0DDE-567D-4852-98A4-1A7FAFA6E508}
	EndGlobalSection
EndGlobal
